
Microsoft Visual Studio Solution File, Format Version 12.00
# Visual Studio Version 17
VisualStudioVersion = 17.14.36327.8
MinimumVisualStudioVersion = 10.0.40219.1
Project("{FAE04EC0-301F-11D3-BF4B-00C04F79EFBC}") = "ClashRoyaleWarProject", "ClashRoyaleWarProject.csproj", "{B30F7949-6008-46B2-BC41-0D5C56259003}"
EndProject
Project("{FAE04EC0-301F-11D3-BF4B-00C04F79EFBC}") = "ClashRoyaleProject.Web", "..\ClashRoyaleProject.Web\ClashRoyaleProject.Web.csproj", "{8E70B85E-9E7B-4254-B5C0-66701C6403DB}"
EndProject
Project("{FAE04EC0-301F-11D3-BF4B-00C04F79EFBC}") = "ClashRoyaleProject.Shared", "..\ClashRoyaleProject.Shared\ClashRoyaleProject.Shared.csproj", "{6FBBA48D-ED02-41D4-A968-1A45F30660E9}"
EndProject
Global
	GlobalSection(SolutionConfigurationPlatforms) = preSolution
		Debug|Any CPU = Debug|Any CPU
		Release|Any CPU = Release|Any CPU
	EndGlobalSection
	GlobalSection(ProjectConfigurationPlatforms) = postSolution
		{B30F7949-6008-46B2-BC41-0D5C56259003}.Debug|Any CPU.ActiveCfg = Debug|Any CPU
		{B30F7949-6008-46B2-BC41-0D5C56259003}.Debug|Any CPU.Build.0 = Debug|Any CPU
		{B30F7949-6008-46B2-BC41-0D5C56259003}.Release|Any CPU.ActiveCfg = Release|Any CPU
		{B30F7949-6008-46B2-BC41-0D5C56259003}.Release|Any CPU.Build.0 = Release|Any CPU
		{8E70B85E-9E7B-4254-B5C0-66701C6403DB}.Debug|Any CPU.ActiveCfg = Debug|Any CPU
		{8E70B85E-9E7B-4254-B5C0-66701C6403DB}.Debug|Any CPU.Build.0 = Debug|Any CPU
		{8E70B85E-9E7B-4254-B5C0-66701C6403DB}.Release|Any CPU.ActiveCfg = Release|Any CPU
		{8E70B85E-9E7B-4254-B5C0-66701C6403DB}.Release|Any CPU.Build.0 = Release|Any CPU
		{6FBBA48D-ED02-41D4-A968-1A45F30660E9}.Debug|Any CPU.ActiveCfg = Debug|Any CPU
		{6FBBA48D-ED02-41D4-A968-1A45F30660E9}.Debug|Any CPU.Build.0 = Debug|Any CPU
		{6FBBA48D-ED02-41D4-A968-1A45F30660E9}.Release|Any CPU.ActiveCfg = Release|Any CPU
		{6FBBA48D-ED02-41D4-A968-1A45F30660E9}.Release|Any CPU.Build.0 = Release|Any CPU
	EndGlobalSection
	GlobalSection(SolutionProperties) = preSolution
		HideSolutionNode = FALSE
	EndGlobalSection
	GlobalSection(ExtensibilityGlobals) = postSolution
		SolutionGuid = {3B740DD8-40D0-4C34-AEA0-B1CD3A1698F2}
	EndGlobalSection
EndGlobal
